// !$*UTF8*$!
{
	archiveVersion = 1;
	classes = {
	};
	objectVersion = 50;
	objects = {

/* Begin PBXBuildFile section */
		176335DB2263C73400B46BD3 /* Conductor.swift in Sources */ = {isa = PBXBuildFile; fileRef = 176335DA2263C73400B46BD3 /* Conductor.swift */; };
		B64863CB226376F40056CDDE /* AppDelegate.swift in Sources */ = {isa = PBXBuildFile; fileRef = B64863CA226376F40056CDDE /* AppDelegate.swift */; };
		B64863CD226376F40056CDDE /* ViewController.swift in Sources */ = {isa = PBXBuildFile; fileRef = B64863CC226376F40056CDDE /* ViewController.swift */; };
		B64863D0226376F40056CDDE /* Main.storyboard in Resources */ = {isa = PBXBuildFile; fileRef = B64863CE226376F40056CDDE /* Main.storyboard */; };
		B64863D2226376F50056CDDE /* Assets.xcassets in Resources */ = {isa = PBXBuildFile; fileRef = B64863D1226376F50056CDDE /* Assets.xcassets */; };
		B64863D5226376F50056CDDE /* LaunchScreen.storyboard in Resources */ = {isa = PBXBuildFile; fileRef = B64863D3226376F50056CDDE /* LaunchScreen.storyboard */; };
		B64863DD22637FDA0056CDDE /* MidiSequencer.swift in Sources */ = {isa = PBXBuildFile; fileRef = B64863DC22637FDA0056CDDE /* MidiSequencer.swift */; };
		CEBB84E8B16EAB5E2A30098E /* Pods_MidiSeq.framework in Frameworks */ = {isa = PBXBuildFile; fileRef = 120EED9F637CD475BA24586A /* Pods_MidiSeq.framework */; };
/* End PBXBuildFile section */

/* Begin PBXFileReference section */
		0BD8517795D5025CE79E5833 /* Pods-MidiSeq.release.xcconfig */ = {isa = PBXFileReference; includeInIndex = 1; lastKnownFileType = text.xcconfig; name = "Pods-MidiSeq.release.xcconfig"; path = "../Pods/Target Support Files/Pods-MidiSeq/Pods-MidiSeq.release.xcconfig"; sourceTree = "<group>"; };
		120EED9F637CD475BA24586A /* Pods_MidiSeq.framework */ = {isa = PBXFileReference; explicitFileType = wrapper.framework; includeInIndex = 0; path = Pods_MidiSeq.framework; sourceTree = BUILT_PRODUCTS_DIR; };
		176335DA2263C73400B46BD3 /* Conductor.swift */ = {isa = PBXFileReference; lastKnownFileType = sourcecode.swift; path = Conductor.swift; sourceTree = "<group>"; };
		B64863C7226376F40056CDDE /* MidiSeq.app */ = {isa = PBXFileReference; explicitFileType = wrapper.application; includeInIndex = 0; path = MidiSeq.app; sourceTree = BUILT_PRODUCTS_DIR; };
		B64863CA226376F40056CDDE /* AppDelegate.swift */ = {isa = PBXFileReference; lastKnownFileType = sourcecode.swift; path = AppDelegate.swift; sourceTree = "<group>"; };
		B64863CC226376F40056CDDE /* ViewController.swift */ = {isa = PBXFileReference; lastKnownFileType = sourcecode.swift; path = ViewController.swift; sourceTree = "<group>"; };
		B64863CF226376F40056CDDE /* Base */ = {isa = PBXFileReference; lastKnownFileType = file.storyboard; name = Base; path = Base.lproj/Main.storyboard; sourceTree = "<group>"; };
		B64863D1226376F50056CDDE /* Assets.xcassets */ = {isa = PBXFileReference; lastKnownFileType = folder.assetcatalog; path = Assets.xcassets; sourceTree = "<group>"; };
		B64863D4226376F50056CDDE /* Base */ = {isa = PBXFileReference; lastKnownFileType = file.storyboard; name = Base; path = Base.lproj/LaunchScreen.storyboard; sourceTree = "<group>"; };
		B64863D6226376F50056CDDE /* Info.plist */ = {isa = PBXFileReference; lastKnownFileType = text.plist.xml; path = Info.plist; sourceTree = "<group>"; };
		B64863DC22637FDA0056CDDE /* MidiSequencer.swift */ = {isa = PBXFileReference; lastKnownFileType = sourcecode.swift; path = MidiSequencer.swift; sourceTree = "<group>"; };
		C4B7EF6903F106BE1CF20833 /* Pods-MidiSeq.debug.xcconfig */ = {isa = PBXFileReference; includeInIndex = 1; lastKnownFileType = text.xcconfig; name = "Pods-MidiSeq.debug.xcconfig"; path = "../Pods/Target Support Files/Pods-MidiSeq/Pods-MidiSeq.debug.xcconfig"; sourceTree = "<group>"; };
/* End PBXFileReference section */

/* Begin PBXFrameworksBuildPhase section */
		B64863C4226376F40056CDDE /* Frameworks */ = {
			isa = PBXFrameworksBuildPhase;
			buildActionMask = 2147483647;
			files = (
				CEBB84E8B16EAB5E2A30098E /* Pods_MidiSeq.framework in Frameworks */,
			);
			runOnlyForDeploymentPostprocessing = 0;
		};
/* End PBXFrameworksBuildPhase section */

/* Begin PBXGroup section */
		0FF6F60FD436F7AF9C571AB5 /* Frameworks */ = {
			isa = PBXGroup;
			children = (
				120EED9F637CD475BA24586A /* Pods_MidiSeq.framework */,
			);
			name = Frameworks;
			sourceTree = "<group>";
		};
		A89D9878D916C6648882404A /* Pods */ = {
			isa = PBXGroup;
			children = (
				C4B7EF6903F106BE1CF20833 /* Pods-MidiSeq.debug.xcconfig */,
				0BD8517795D5025CE79E5833 /* Pods-MidiSeq.release.xcconfig */,
			);
			name = Pods;
			sourceTree = "<group>";
		};
		B64863BE226376F40056CDDE = {
			isa = PBXGroup;
			children = (
				B64863C9226376F40056CDDE /* MidiSeq */,
				B64863C8226376F40056CDDE /* Products */,
				A89D9878D916C6648882404A /* Pods */,
				0FF6F60FD436F7AF9C571AB5 /* Frameworks */,
			);
			sourceTree = "<group>";
		};
		B64863C8226376F40056CDDE /* Products */ = {
			isa = PBXGroup;
			children = (
				B64863C7226376F40056CDDE /* MidiSeq.app */,
			);
			name = Products;
			sourceTree = "<group>";
		};
		B64863C9226376F40056CDDE /* MidiSeq */ = {
			isa = PBXGroup;
			children = (
				B64863CA226376F40056CDDE /* AppDelegate.swift */,
				176335DA2263C73400B46BD3 /* Conductor.swift */,
				B64863DC22637FDA0056CDDE /* MidiSequencer.swift */,
				B64863CC226376F40056CDDE /* ViewController.swift */,
				B64863CE226376F40056CDDE /* Main.storyboard */,
				B64863D1226376F50056CDDE /* Assets.xcassets */,
				B64863D3226376F50056CDDE /* LaunchScreen.storyboard */,
				B64863D6226376F50056CDDE /* Info.plist */,
			);
			path = MidiSeq;
			sourceTree = "<group>";
		};
/* End PBXGroup section */

/* Begin PBXNativeTarget section */
		B64863C6226376F40056CDDE /* MidiSeq */ = {
			isa = PBXNativeTarget;
			buildConfigurationList = B64863D9226376F50056CDDE /* Build configuration list for PBXNativeTarget "MidiSeq" */;
			buildPhases = (
				3A5E69A57DF3F6E6936F831C /* [CP] Check Pods Manifest.lock */,
				B64863C3226376F40056CDDE /* Sources */,
				B64863C4226376F40056CDDE /* Frameworks */,
				B64863C5226376F40056CDDE /* Resources */,
				E39FC204B0B63482059190AD /* [CP] Embed Pods Frameworks */,
			);
			buildRules = (
			);
			dependencies = (
			);
			name = MidiSeq;
			productName = MidiSeq;
			productReference = B64863C7226376F40056CDDE /* MidiSeq.app */;
			productType = "com.apple.product-type.application";
		};
/* End PBXNativeTarget section */

/* Begin PBXProject section */
		B64863BF226376F40056CDDE /* Project object */ = {
			isa = PBXProject;
			attributes = {
				LastSwiftUpdateCheck = 1010;
				LastUpgradeCheck = 1010;
				ORGANIZATIONNAME = "Eokuwwy Enterprises";
				TargetAttributes = {
					B64863C6226376F40056CDDE = {
						CreatedOnToolsVersion = 10.1;
						SystemCapabilities = {
							com.apple.BackgroundModes = {
								enabled = 1;
							};
						};
					};
				};
			};
			buildConfigurationList = B64863C2226376F40056CDDE /* Build configuration list for PBXProject "MidiSeq" */;
			compatibilityVersion = "Xcode 9.3";
			developmentRegion = en;
			hasScannedForEncodings = 0;
			knownRegions = (
				en,
				Base,
			);
			mainGroup = B64863BE226376F40056CDDE;
			productRefGroup = B64863C8226376F40056CDDE /* Products */;
			projectDirPath = "";
			projectRoot = "";
			targets = (
				B64863C6226376F40056CDDE /* MidiSeq */,
			);
		};
/* End PBXProject section */

/* Begin PBXResourcesBuildPhase section */
		B64863C5226376F40056CDDE /* Resources */ = {
			isa = PBXResourcesBuildPhase;
			buildActionMask = 2147483647;
			files = (
				B64863D5226376F50056CDDE /* LaunchScreen.storyboard in Resources */,
				B64863D2226376F50056CDDE /* Assets.xcassets in Resources */,
				B64863D0226376F40056CDDE /* Main.storyboard in Resources */,
			);
			runOnlyForDeploymentPostprocessing = 0;
		};
/* End PBXResourcesBuildPhase section */

/* Begin PBXShellScriptBuildPhase section */
		3A5E69A57DF3F6E6936F831C /* [CP] Check Pods Manifest.lock */ = {
			isa = PBXShellScriptBuildPhase;
			buildActionMask = 2147483647;
			files = (
			);
			inputPaths = (
				"${PODS_PODFILE_DIR_PATH}/Podfile.lock",
				"${PODS_ROOT}/Manifest.lock",
			);
			name = "[CP] Check Pods Manifest.lock";
			outputPaths = (
				"$(DERIVED_FILE_DIR)/Pods-MidiSeq-checkManifestLockResult.txt",
			);
			runOnlyForDeploymentPostprocessing = 0;
			shellPath = /bin/sh;
			shellScript = "diff \"${PODS_PODFILE_DIR_PATH}/Podfile.lock\" \"${PODS_ROOT}/Manifest.lock\" > /dev/null\nif [ $? != 0 ] ; then\n    # print error to STDERR\n    echo \"error: The sandbox is not in sync with the Podfile.lock. Run 'pod install' or update your CocoaPods installation.\" >&2\n    exit 1\nfi\n# This output is used by Xcode 'outputs' to avoid re-running this script phase.\necho \"SUCCESS\" > \"${SCRIPT_OUTPUT_FILE_0}\"\n";
			showEnvVarsInLog = 0;
		};
		E39FC204B0B63482059190AD /* [CP] Embed Pods Frameworks */ = {
			isa = PBXShellScriptBuildPhase;
			buildActionMask = 2147483647;
			files = (
			);
			inputPaths = (
				"${PODS_ROOT}/Target Support Files/Pods-MidiSeq/Pods-MidiSeq-frameworks.sh",
				"${PODS_ROOT}/AudioKit/iOS/AudioKitUI.framework",
			);
			name = "[CP] Embed Pods Frameworks";
			outputPaths = (
				"${TARGET_BUILD_DIR}/${FRAMEWORKS_FOLDER_PATH}/AudioKitUI.framework",
			);
			runOnlyForDeploymentPostprocessing = 0;
			shellPath = /bin/sh;
			shellScript = "\"${PODS_ROOT}/Target Support Files/Pods-MidiSeq/Pods-MidiSeq-frameworks.sh\"\n";
			showEnvVarsInLog = 0;
		};
/* End PBXShellScriptBuildPhase section */

/* Begin PBXSourcesBuildPhase section */
		B64863C3226376F40056CDDE /* Sources */ = {
			isa = PBXSourcesBuildPhase;
			buildActionMask = 2147483647;
			files = (
				B64863CD226376F40056CDDE /* ViewController.swift in Sources */,
				B64863DD22637FDA0056CDDE /* MidiSequencer.swift in Sources */,
				B64863CB226376F40056CDDE /* AppDelegate.swift in Sources */,
				176335DB2263C73400B46BD3 /* Conductor.swift in Sources */,
			);
			runOnlyForDeploymentPostprocessing = 0;
		};
/* End PBXSourcesBuildPhase section */

/* Begin PBXVariantGroup section */
		B64863CE226376F40056CDDE /* Main.storyboard */ = {
			isa = PBXVariantGroup;
			children = (
				B64863CF226376F40056CDDE /* Base */,
			);
			name = Main.storyboard;
			sourceTree = "<group>";
		};
		B64863D3226376F50056CDDE /* LaunchScreen.storyboard */ = {
			isa = PBXVariantGroup;
			children = (
				B64863D4226376F50056CDDE /* Base */,
			);
			name = LaunchScreen.storyboard;
			sourceTree = "<group>";
		};
/* End PBXVariantGroup section */

/* Begin XCBuildConfiguration section */
		B64863D7226376F50056CDDE /* Debug */ = {
			isa = XCBuildConfiguration;
			buildSettings = {
				ALWAYS_SEARCH_USER_PATHS = NO;
				CLANG_ANALYZER_NONNULL = YES;
				CLANG_ANALYZER_NUMBER_OBJECT_CONVERSION = YES_AGGRESSIVE;
				CLANG_CXX_LANGUAGE_STANDARD = "gnu++14";
				CLANG_CXX_LIBRARY = "libc++";
				CLANG_ENABLE_MODULES = YES;
				CLANG_ENABLE_OBJC_ARC = YES;
				CLANG_ENABLE_OBJC_WEAK = YES;
				CLANG_WARN_BLOCK_CAPTURE_AUTORELEASING = YES;
				CLANG_WARN_BOOL_CONVERSION = YES;
				CLANG_WARN_COMMA = YES;
				CLANG_WARN_CONSTANT_CONVERSION = YES;
				CLANG_WARN_DEPRECATED_OBJC_IMPLEMENTATIONS = YES;
				CLANG_WARN_DIRECT_OBJC_ISA_USAGE = YES_ERROR;
				CLANG_WARN_DOCUMENTATION_COMMENTS = YES;
				CLANG_WARN_EMPTY_BODY = YES;
				CLANG_WARN_ENUM_CONVERSION = YES;
				CLANG_WARN_INFINITE_RECURSION = YES;
				CLANG_WARN_INT_CONVERSION = YES;
				CLANG_WARN_NON_LITERAL_NULL_CONVERSION = YES;
				CLANG_WARN_OBJC_IMPLICIT_RETAIN_SELF = YES;
				CLANG_WARN_OBJC_LITERAL_CONVERSION = YES;
				CLANG_WARN_OBJC_ROOT_CLASS = YES_ERROR;
				CLANG_WARN_RANGE_LOOP_ANALYSIS = YES;
				CLANG_WARN_STRICT_PROTOTYPES = YES;
				CLANG_WARN_SUSPICIOUS_MOVE = YES;
				CLANG_WARN_UNGUARDED_AVAILABILITY = YES_AGGRESSIVE;
				CLANG_WARN_UNREACHABLE_CODE = YES;
				CLANG_WARN__DUPLICATE_METHOD_MATCH = YES;
				CODE_SIGN_IDENTITY = "iPhone Developer";
				COPY_PHASE_STRIP = NO;
				DEBUG_INFORMATION_FORMAT = dwarf;
				ENABLE_STRICT_OBJC_MSGSEND = YES;
				ENABLE_TESTABILITY = YES;
				GCC_C_LANGUAGE_STANDARD = gnu11;
				GCC_DYNAMIC_NO_PIC = NO;
				GCC_NO_COMMON_BLOCKS = YES;
				GCC_OPTIMIZATION_LEVEL = 0;
				GCC_PREPROCESSOR_DEFINITIONS = (
					"DEBUG=1",
					"$(inherited)",
				);
				GCC_WARN_64_TO_32_BIT_CONVERSION = YES;
				GCC_WARN_ABOUT_RETURN_TYPE = YES_ERROR;
				GCC_WARN_UNDECLARED_SELECTOR = YES;
				GCC_WARN_UNINITIALIZED_AUTOS = YES_AGGRESSIVE;
				GCC_WARN_UNUSED_FUNCTION = YES;
				GCC_WARN_UNUSED_VARIABLE = YES;
				IPHONEOS_DEPLOYMENT_TARGET = 12.1;
				MTL_ENABLE_DEBUG_INFO = INCLUDE_SOURCE;
				MTL_FAST_MATH = YES;
				ONLY_ACTIVE_ARCH = YES;
				SDKROOT = iphoneos;
				SWIFT_ACTIVE_COMPILATION_CONDITIONS = DEBUG;
				SWIFT_OPTIMIZATION_LEVEL = "-Onone";
			};
			name = Debug;
		};
		B64863D8226376F50056CDDE /* Release */ = {
			isa = XCBuildConfiguration;
			buildSettings = {
				ALWAYS_SEARCH_USER_PATHS = NO;
				CLANG_ANALYZER_NONNULL = YES;
				CLANG_ANALYZER_NUMBER_OBJECT_CONVERSION = YES_AGGRESSIVE;
				CLANG_CXX_LANGUAGE_STANDARD = "gnu++14";
				CLANG_CXX_LIBRARY = "libc++";
				CLANG_ENABLE_MODULES = YES;
				CLANG_ENABLE_OBJC_ARC = YES;
				CLANG_ENABLE_OBJC_WEAK = YES;
				CLANG_WARN_BLOCK_CAPTURE_AUTORELEASING = YES;
				CLANG_WARN_BOOL_CONVERSION = YES;
				CLANG_WARN_COMMA = YES;
				CLANG_WARN_CONSTANT_CONVERSION = YES;
				CLANG_WARN_DEPRECATED_OBJC_IMPLEMENTATIONS = YES;
				CLANG_WARN_DIRECT_OBJC_ISA_USAGE = YES_ERROR;
				CLANG_WARN_DOCUMENTATION_COMMENTS = YES;
				CLANG_WARN_EMPTY_BODY = YES;
				CLANG_WARN_ENUM_CONVERSION = YES;
				CLANG_WARN_INFINITE_RECURSION = YES;
				CLANG_WARN_INT_CONVERSION = YES;
				CLANG_WARN_NON_LITERAL_NULL_CONVERSION = YES;
				CLANG_WARN_OBJC_IMPLICIT_RETAIN_SELF = YES;
				CLANG_WARN_OBJC_LITERAL_CONVERSION = YES;
				CLANG_WARN_OBJC_ROOT_CLASS = YES_ERROR;
				CLANG_WARN_RANGE_LOOP_ANALYSIS = YES;
				CLANG_WARN_STRICT_PROTOTYPES = YES;
				CLANG_WARN_SUSPICIOUS_MOVE = YES;
				CLANG_WARN_UNGUARDED_AVAILABILITY = YES_AGGRESSIVE;
				CLANG_WARN_UNREACHABLE_CODE = YES;
				CLANG_WARN__DUPLICATE_METHOD_MATCH = YES;
				CODE_SIGN_IDENTITY = "iPhone Developer";
				COPY_PHASE_STRIP = NO;
				DEBUG_INFORMATION_FORMAT = "dwarf-with-dsym";
				ENABLE_NS_ASSERTIONS = NO;
				ENABLE_STRICT_OBJC_MSGSEND = YES;
				GCC_C_LANGUAGE_STANDARD = gnu11;
				GCC_NO_COMMON_BLOCKS = YES;
				GCC_WARN_64_TO_32_BIT_CONVERSION = YES;
				GCC_WARN_ABOUT_RETURN_TYPE = YES_ERROR;
				GCC_WARN_UNDECLARED_SELECTOR = YES;
				GCC_WARN_UNINITIALIZED_AUTOS = YES_AGGRESSIVE;
				GCC_WARN_UNUSED_FUNCTION = YES;
				GCC_WARN_UNUSED_VARIABLE = YES;
				IPHONEOS_DEPLOYMENT_TARGET = 12.1;
				MTL_ENABLE_DEBUG_INFO = NO;
				MTL_FAST_MATH = YES;
				SDKROOT = iphoneos;
				SWIFT_COMPILATION_MODE = wholemodule;
				SWIFT_OPTIMIZATION_LEVEL = "-O";
				VALIDATE_PRODUCT = YES;
			};
			name = Release;
		};
		B64863DA226376F50056CDDE /* Debug */ = {
			isa = XCBuildConfiguration;
			baseConfigurationReference = C4B7EF6903F106BE1CF20833 /* Pods-MidiSeq.debug.xcconfig */;
			buildSettings = {
				ASSETCATALOG_COMPILER_APPICON_NAME = AppIcon;
				CODE_SIGN_STYLE = Automatic;
				DEVELOPMENT_TEAM = D4Z52CBL7L;
				INFOPLIST_FILE = MidiSeq/Info.plist;
				IPHONEOS_DEPLOYMENT_TARGET = 9.3;
				LD_RUNPATH_SEARCH_PATHS = (
					"$(inherited)",
					"@executable_path/Frameworks",
				);
				PRODUCT_BUNDLE_IDENTIFIER = com.eokuwwy.midiseq.MidiSeq;
				PRODUCT_NAME = "$(TARGET_NAME)";
				SWIFT_VERSION = 4.2;
				TARGETED_DEVICE_FAMILY = "1,2";
			};
			name = Debug;
		};
		B64863DB226376F50056CDDE /* Release */ = {
			isa = XCBuildConfiguration;
			baseConfigurationReference = 0BD8517795D5025CE79E5833 /* Pods-MidiSeq.release.xcconfig */;
			buildSettings = {
				ASSETCATALOG_COMPILER_APPICON_NAME = AppIcon;
				CODE_SIGN_STYLE = Automatic;
				DEVELOPMENT_TEAM = D4Z52CBL7L;
				INFOPLIST_FILE = MidiSeq/Info.plist;
				IPHONEOS_DEPLOYMENT_TARGET = 9.3;
				LD_RUNPATH_SEARCH_PATHS = (
					"$(inherited)",
					"@executable_path/Frameworks",
				);
				PRODUCT_BUNDLE_IDENTIFIER = com.eokuwwy.midiseq.MidiSeq;
				PRODUCT_NAME = "$(TARGET_NAME)";
				SWIFT_VERSION = 4.2;
				TARGETED_DEVICE_FAMILY = "1,2";
			};
			name = Release;
		};
/* End XCBuildConfiguration section */

/* Begin XCConfigurationList section */
		B64863C2226376F40056CDDE /* Build configuration list for PBXProject "MidiSeq" */ = {
			isa = XCConfigurationList;
			buildConfigurations = (
				B64863D7226376F50056CDDE /* Debug */,
				B64863D8226376F50056CDDE /* Release */,
			);
			defaultConfigurationIsVisible = 0;
			defaultConfigurationName = Release;
		};
		B64863D9226376F50056CDDE /* Build configuration list for PBXNativeTarget "MidiSeq" */ = {
			isa = XCConfigurationList;
			buildConfigurations = (
				B64863DA226376F50056CDDE /* Debug */,
				B64863DB226376F50056CDDE /* Release */,
			);
			defaultConfigurationIsVisible = 0;
			defaultConfigurationName = Release;
		};
/* End XCConfigurationList section */
	};
	rootObject = B64863BF226376F40056CDDE /* Project object */;
}
